
Microsoft Visual Studio Solution File, Format Version 11.00
# Visual Studio 2010
Project("{FAE04EC0-301F-11D3-BF4B-00C04F79EFBC}") = "CartFive", "CartFive\CartFive.csproj", "{CAF55C0F-F27B-41EE-8898-655105A8BE37}"
EndProject
Global
	GlobalSection(SolutionConfigurationPlatforms) = preSolution
		Debug|Any CPU = Debug|Any CPU
		Release|Any CPU = Release|Any CPU
	EndGlobalSection
	GlobalSection(ProjectConfigurationPlatforms) = postSolution
		{CAF55C0F-F27B-41EE-8898-655105A8BE37}.Debug|Any CPU.ActiveCfg = Debug|Any CPU
		{CAF55C0F-F27B-41EE-8898-655105A8BE37}.Debug|Any CPU.Build.0 = Debug|Any CPU
		{CAF55C0F-F27B-41EE-8898-655105A8BE37}.Release|Any CPU.ActiveCfg = Release|Any CPU
		{CAF55C0F-F27B-41EE-8898-655105A8BE37}.Release|Any CPU.Build.0 = Release|Any CPU
	EndGlobalSection
	GlobalSection(SolutionProperties) = preSolution
		HideSolutionNode = FALSE
	EndGlobalSection
EndGlobal
